
Microsoft Visual Studio Solution File, Format Version 12.00
# Visual Studio Version 16
VisualStudioVersion = 16.0.30503.244
MinimumVisualStudioVersion = 10.0.40219.1
Project("{FAE04EC0-301F-11D3-BF4B-00C04F79EFBC}") = "ConsoleApp1", "ConsoleApp1\ConsoleApp1.csproj", "{CF75808C-D905-414A-B607-76A8788CCC6A}"
EndProject
Global
	GlobalSection(SolutionConfigurationPlatforms) = preSolution
		Debug|Any CPU = Debug|Any CPU
		Release|Any CPU = Release|Any CPU
	EndGlobalSection
	GlobalSection(ProjectConfigurationPlatforms) = postSolution
		{CF75808C-D905-414A-B607-76A8788CCC6A}.Debug|Any CPU.ActiveCfg = Debug|Any CPU
		{CF75808C-D905-414A-B607-76A8788CCC6A}.Debug|Any CPU.Build.0 = Debug|Any CPU
		{CF75808C-D905-414A-B607-76A8788CCC6A}.Release|Any CPU.ActiveCfg = Release|Any CPU
		{CF75808C-D905-414A-B607-76A8788CCC6A}.Release|Any CPU.Build.0 = Release|Any CPU
	EndGlobalSection
	GlobalSection(SolutionProperties) = preSolution
		HideSolutionNode = FALSE
	EndGlobalSection
	GlobalSection(ExtensibilityGlobals) = postSolution
		SolutionGuid = {45FED383-CBCB-4E53-81B6-48A16A4A907C}
	EndGlobalSection
EndGlobal
